{
    "version": 3,
    "terraform_version": "0.10.4",
    "serial": 14,
    "lineage": "864f2dfb-3846-4879-8a2e-47ecd5af83da",
    "modules": [
        {
            "path": [
                "root"
            ],
            "outputs": {},
            "resources": {},
            "depends_on": []
        },
        {
            "path": [
                "root",
                "ec2"
            ],
            "outputs": {},
            "resources": {},
            "depends_on": []
        },
        {
            "path": [
                "root",
                "ecs"
            ],
            "outputs": {},
            "resources": {},
            "depends_on": []
        },
        {
            "path": [
                "root",
                "vpc"
            ],
            "outputs": {},
            "resources": {
                "aws_internet_gateway.mesh-vpc-internet-gateway": {
                    "type": "aws_internet_gateway",
                    "depends_on": [
                        "aws_vpc.mesh-vpc"
                    ],
                    "primary": {
                        "id": "igw-0c19f175",
                        "attributes": {
                            "id": "igw-0c19f175",
                            "tags.%": "1",
                            "tags.Name": "mesh-vpc-internet-gateway",
                            "vpc_id": "vpc-68342511"
                        },
                        "meta": {},
                        "tainted": false
                    },
                    "deposed": [],
                    "provider": ""
                },
                "aws_network_acl.mesh-vpc-network-acl": {
                    "type": "aws_network_acl",
                    "depends_on": [
                        "aws_subnet.mesh-vpc-subnet1",
                        "aws_subnet.mesh-vpc-subnet2",
                        "aws_vpc.mesh-vpc"
                    ],
                    "primary": {
                        "id": "acl-79db5701",
                        "attributes": {
                            "egress.#": "1",
                            "egress.1401401844.action": "allow",
                            "egress.1401401844.cidr_block": "0.0.0.0/0",
                            "egress.1401401844.from_port": "0",
                            "egress.1401401844.icmp_code": "0",
                            "egress.1401401844.icmp_type": "0",
                            "egress.1401401844.ipv6_cidr_block": "",
                            "egress.1401401844.protocol": "-1",
                            "egress.1401401844.rule_no": "100",
                            "egress.1401401844.to_port": "0",
                            "id": "acl-79db5701",
                            "ingress.#": "1",
                            "ingress.1401401844.action": "allow",
                            "ingress.1401401844.cidr_block": "0.0.0.0/0",
                            "ingress.1401401844.from_port": "0",
                            "ingress.1401401844.icmp_code": "0",
                            "ingress.1401401844.icmp_type": "0",
                            "ingress.1401401844.ipv6_cidr_block": "",
                            "ingress.1401401844.protocol": "-1",
                            "ingress.1401401844.rule_no": "100",
                            "ingress.1401401844.to_port": "0",
                            "subnet_ids.#": "2",
                            "subnet_ids.2267099019": "subnet-cf5c7595",
                            "subnet_ids.2742991927": "subnet-9825d0d3",
                            "tags.%": "1",
                            "tags.Name": "mesh-vpc-network-acl",
                            "vpc_id": "vpc-68342511"
                        },
                        "meta": {},
                        "tainted": false
                    },
                    "deposed": [],
                    "provider": ""
                },
                "aws_route_table.mesh-vpc-route-table": {
                    "type": "aws_route_table",
                    "depends_on": [
                        "aws_internet_gateway.mesh-vpc-internet-gateway",
                        "aws_vpc.mesh-vpc"
                    ],
                    "primary": {
                        "id": "rtb-89085ef2",
                        "attributes": {
                            "id": "rtb-89085ef2",
                            "propagating_vgws.#": "0",
                            "route.#": "1",
                            "route.2933027299.cidr_block": "10.0.0.0/0",
                            "route.2933027299.egress_only_gateway_id": "",
                            "route.2933027299.gateway_id": "igw-0c19f175",
                            "route.2933027299.instance_id": "",
                            "route.2933027299.ipv6_cidr_block": "",
                            "route.2933027299.nat_gateway_id": "",
                            "route.2933027299.network_interface_id": "",
                            "route.2933027299.vpc_peering_connection_id": "",
                            "tags.%": "1",
                            "tags.Name": "mesh-vpc-route-table",
                            "vpc_id": "vpc-68342511"
                        },
                        "meta": {},
                        "tainted": false
                    },
                    "deposed": [],
                    "provider": ""
                },
                "aws_route_table_association.mesh-vpc-route-table-association1": {
                    "type": "aws_route_table_association",
                    "depends_on": [
                        "aws_route_table.mesh-vpc-route-table",
                        "aws_subnet.mesh-vpc-subnet1"
                    ],
                    "primary": {
                        "id": "rtbassoc-e9a98e93",
                        "attributes": {
                            "id": "rtbassoc-e9a98e93",
                            "route_table_id": "rtb-89085ef2",
                            "subnet_id": "subnet-9825d0d3"
                        },
                        "meta": {},
                        "tainted": false
                    },
                    "deposed": [],
                    "provider": ""
                },
                "aws_route_table_association.mesh-vpc-route-table-association2": {
                    "type": "aws_route_table_association",
                    "depends_on": [
                        "aws_route_table.mesh-vpc-route-table",
                        "aws_subnet.mesh-vpc-subnet2"
                    ],
                    "primary": {
                        "id": "rtbassoc-16aa8d6c",
                        "attributes": {
                            "id": "rtbassoc-16aa8d6c",
                            "route_table_id": "rtb-89085ef2",
                            "subnet_id": "subnet-cf5c7595"
                        },
                        "meta": {},
                        "tainted": false
                    },
                    "deposed": [],
                    "provider": ""
                },
                "aws_security_group.mesh-vpc-security-group": {
                    "type": "aws_security_group",
                    "depends_on": [
                        "aws_vpc.mesh-vpc"
                    ],
                    "primary": {
                        "id": "sg-e3882790",
                        "attributes": {
                            "description": "Allow all in an out",
                            "egress.#": "1",
                            "egress.482069346.cidr_blocks.#": "1",
                            "egress.482069346.cidr_blocks.0": "0.0.0.0/0",
                            "egress.482069346.from_port": "0",
                            "egress.482069346.ipv6_cidr_blocks.#": "0",
                            "egress.482069346.prefix_list_ids.#": "0",
                            "egress.482069346.protocol": "-1",
                            "egress.482069346.security_groups.#": "0",
                            "egress.482069346.self": "false",
                            "egress.482069346.to_port": "0",
                            "id": "sg-e3882790",
                            "ingress.#": "1",
                            "ingress.482069346.cidr_blocks.#": "1",
                            "ingress.482069346.cidr_blocks.0": "0.0.0.0/0",
                            "ingress.482069346.from_port": "0",
                            "ingress.482069346.ipv6_cidr_blocks.#": "0",
                            "ingress.482069346.protocol": "-1",
                            "ingress.482069346.security_groups.#": "0",
                            "ingress.482069346.self": "false",
                            "ingress.482069346.to_port": "0",
                            "name": "mesh-vpc-security-group",
                            "owner_id": "266182953919",
                            "tags.%": "1",
                            "tags.Name": "mesh-vpc-security-group",
                            "vpc_id": "vpc-68342511"
                        },
                        "meta": {},
                        "tainted": false
                    },
                    "deposed": [],
                    "provider": ""
                },
                "aws_subnet.mesh-vpc-subnet1": {
                    "type": "aws_subnet",
                    "depends_on": [
                        "aws_vpc.mesh-vpc"
                    ],
                    "primary": {
                        "id": "subnet-9825d0d3",
                        "attributes": {
                            "assign_ipv6_address_on_creation": "false",
                            "availability_zone": "us-east-1a",
                            "cidr_block": "10.0.0.0/24",
                            "id": "subnet-9825d0d3",
                            "map_public_ip_on_launch": "false",
                            "tags.%": "1",
                            "tags.Name": "mesh-vpc-subnet",
                            "vpc_id": "vpc-68342511"
                        },
                        "meta": {
                            "schema_version": "1"
                        },
                        "tainted": false
                    },
                    "deposed": [],
                    "provider": ""
                },
                "aws_subnet.mesh-vpc-subnet2": {
                    "type": "aws_subnet",
                    "depends_on": [
                        "aws_vpc.mesh-vpc"
                    ],
                    "primary": {
                        "id": "subnet-cf5c7595",
                        "attributes": {
                            "assign_ipv6_address_on_creation": "false",
                            "availability_zone": "us-east-1b",
                            "cidr_block": "10.0.1.0/24",
                            "id": "subnet-cf5c7595",
                            "map_public_ip_on_launch": "false",
                            "tags.%": "1",
                            "tags.Name": "mesh-vpc-subnet",
                            "vpc_id": "vpc-68342511"
                        },
                        "meta": {
                            "schema_version": "1"
                        },
                        "tainted": false
                    },
                    "deposed": [],
                    "provider": ""
                },
                "aws_vpc.mesh-vpc": {
                    "type": "aws_vpc",
                    "depends_on": [],
                    "primary": {
                        "id": "vpc-68342511",
                        "attributes": {
                            "assign_generated_ipv6_cidr_block": "false",
                            "cidr_block": "10.0.0.0/16",
                            "default_network_acl_id": "acl-4cd75b34",
                            "default_route_table_id": "rtb-3f356344",
                            "default_security_group_id": "sg-3d9d324e",
                            "dhcp_options_id": "dopt-4edd672b",
                            "enable_classiclink": "false",
                            "enable_classiclink_dns_support": "false",
                            "enable_dns_hostnames": "true",
                            "enable_dns_support": "true",
                            "id": "vpc-68342511",
                            "instance_tenancy": "default",
                            "main_route_table_id": "rtb-3f356344",
                            "tags.%": "1",
                            "tags.Name": "mesh-vpc"
                        },
                        "meta": {
                            "schema_version": "1"
                        },
                        "tainted": false
                    },
                    "deposed": [],
                    "provider": ""
                }
            },
            "depends_on": []
        }
    ]
}
