{
    "version": 3,
    "terraform_version": "0.10.4",
    "serial": 19,
    "lineage": "f7af0923-b75d-43b7-a401-8352ac635ae3",
    "modules": [
        {
            "path": [
                "root"
            ],
            "outputs": {},
            "resources": {},
            "depends_on": []
        },
        {
            "path": [
                "root",
                "ec2"
            ],
            "outputs": {},
            "resources": {},
            "depends_on": []
        },
        {
            "path": [
                "root",
                "ecs"
            ],
            "outputs": {},
            "resources": {},
            "depends_on": []
        },
        {
            "path": [
                "root",
                "iam"
            ],
            "outputs": {},
            "resources": {},
            "depends_on": []
        },
        {
            "path": [
                "root",
                "vpc"
            ],
            "outputs": {
                "id": {
                    "sensitive": false,
                    "type": "string",
                    "value": "vpc-958c93ec"
                },
                "security-group-id": {
                    "sensitive": false,
                    "type": "string",
                    "value": "sg-3b1d9e48"
                },
                "subnet1-id": {
                    "sensitive": false,
                    "type": "string",
                    "value": "subnet-6d09f926"
                },
                "subnet2-id": {
                    "sensitive": false,
                    "type": "string",
                    "value": "subnet-a16e5afb"
                }
            },
            "resources": {
                "aws_internet_gateway.mesh-vpc-internet-gateway": {
                    "type": "aws_internet_gateway",
                    "depends_on": [
                        "aws_vpc.mesh-vpc"
                    ],
                    "primary": {
                        "id": "igw-967186ef",
                        "attributes": {
                            "id": "igw-967186ef",
                            "tags.%": "1",
                            "tags.Name": "mesh-vpc-internet-gateway",
                            "vpc_id": "vpc-958c93ec"
                        },
                        "meta": {},
                        "tainted": false
                    },
                    "deposed": [],
                    "provider": ""
                },
                "aws_network_acl.mesh-vpc-network-acl": {
                    "type": "aws_network_acl",
                    "depends_on": [
                        "aws_subnet.mesh-vpc-subnet1",
                        "aws_subnet.mesh-vpc-subnet2",
                        "aws_vpc.mesh-vpc"
                    ],
                    "primary": {
                        "id": "acl-fccf5a84",
                        "attributes": {
                            "egress.#": "1",
                            "egress.1401401844.action": "allow",
                            "egress.1401401844.cidr_block": "0.0.0.0/0",
                            "egress.1401401844.from_port": "0",
                            "egress.1401401844.icmp_code": "0",
                            "egress.1401401844.icmp_type": "0",
                            "egress.1401401844.ipv6_cidr_block": "",
                            "egress.1401401844.protocol": "-1",
                            "egress.1401401844.rule_no": "100",
                            "egress.1401401844.to_port": "0",
                            "id": "acl-fccf5a84",
                            "ingress.#": "1",
                            "ingress.1401401844.action": "allow",
                            "ingress.1401401844.cidr_block": "0.0.0.0/0",
                            "ingress.1401401844.from_port": "0",
                            "ingress.1401401844.icmp_code": "0",
                            "ingress.1401401844.icmp_type": "0",
                            "ingress.1401401844.ipv6_cidr_block": "",
                            "ingress.1401401844.protocol": "-1",
                            "ingress.1401401844.rule_no": "100",
                            "ingress.1401401844.to_port": "0",
                            "subnet_ids.#": "2",
                            "subnet_ids.590525418": "subnet-a16e5afb",
                            "subnet_ids.792763403": "subnet-6d09f926",
                            "tags.%": "1",
                            "tags.Name": "mesh-vpc-network-acl",
                            "vpc_id": "vpc-958c93ec"
                        },
                        "meta": {},
                        "tainted": false
                    },
                    "deposed": [],
                    "provider": ""
                },
                "aws_route_table.mesh-vpc-route-table": {
                    "type": "aws_route_table",
                    "depends_on": [
                        "aws_internet_gateway.mesh-vpc-internet-gateway",
                        "aws_vpc.mesh-vpc"
                    ],
                    "primary": {
                        "id": "rtb-94d9f9ef",
                        "attributes": {
                            "id": "rtb-94d9f9ef",
                            "propagating_vgws.#": "0",
                            "route.#": "1",
                            "route.2271056583.cidr_block": "10.0.0.0/0",
                            "route.2271056583.egress_only_gateway_id": "",
                            "route.2271056583.gateway_id": "igw-967186ef",
                            "route.2271056583.instance_id": "",
                            "route.2271056583.ipv6_cidr_block": "",
                            "route.2271056583.nat_gateway_id": "",
                            "route.2271056583.network_interface_id": "",
                            "route.2271056583.vpc_peering_connection_id": "",
                            "tags.%": "1",
                            "tags.Name": "mesh-vpc-route-table",
                            "vpc_id": "vpc-958c93ec"
                        },
                        "meta": {},
                        "tainted": false
                    },
                    "deposed": [],
                    "provider": ""
                },
                "aws_route_table_association.mesh-vpc-route-table-association1": {
                    "type": "aws_route_table_association",
                    "depends_on": [
                        "aws_route_table.mesh-vpc-route-table",
                        "aws_subnet.mesh-vpc-subnet1"
                    ],
                    "primary": {
                        "id": "rtbassoc-69b99113",
                        "attributes": {
                            "id": "rtbassoc-69b99113",
                            "route_table_id": "rtb-94d9f9ef",
                            "subnet_id": "subnet-6d09f926"
                        },
                        "meta": {},
                        "tainted": false
                    },
                    "deposed": [],
                    "provider": ""
                },
                "aws_route_table_association.mesh-vpc-route-table-association2": {
                    "type": "aws_route_table_association",
                    "depends_on": [
                        "aws_route_table.mesh-vpc-route-table",
                        "aws_subnet.mesh-vpc-subnet2"
                    ],
                    "primary": {
                        "id": "rtbassoc-2ebf9754",
                        "attributes": {
                            "id": "rtbassoc-2ebf9754",
                            "route_table_id": "rtb-94d9f9ef",
                            "subnet_id": "subnet-a16e5afb"
                        },
                        "meta": {},
                        "tainted": false
                    },
                    "deposed": [],
                    "provider": ""
                },
                "aws_security_group.mesh-vpc-security-group": {
                    "type": "aws_security_group",
                    "depends_on": [
                        "aws_vpc.mesh-vpc"
                    ],
                    "primary": {
                        "id": "sg-3b1d9e48",
                        "attributes": {
                            "description": "Allow HTTP, HTTPS, and SSH",
                            "egress.#": "1",
                            "egress.482069346.cidr_blocks.#": "1",
                            "egress.482069346.cidr_blocks.0": "0.0.0.0/0",
                            "egress.482069346.from_port": "0",
                            "egress.482069346.ipv6_cidr_blocks.#": "0",
                            "egress.482069346.prefix_list_ids.#": "0",
                            "egress.482069346.protocol": "-1",
                            "egress.482069346.security_groups.#": "0",
                            "egress.482069346.self": "false",
                            "egress.482069346.to_port": "0",
                            "id": "sg-3b1d9e48",
                            "ingress.#": "3",
                            "ingress.2214680975.cidr_blocks.#": "1",
                            "ingress.2214680975.cidr_blocks.0": "0.0.0.0/0",
                            "ingress.2214680975.from_port": "80",
                            "ingress.2214680975.ipv6_cidr_blocks.#": "0",
                            "ingress.2214680975.protocol": "tcp",
                            "ingress.2214680975.security_groups.#": "0",
                            "ingress.2214680975.self": "false",
                            "ingress.2214680975.to_port": "80",
                            "ingress.2541437006.cidr_blocks.#": "1",
                            "ingress.2541437006.cidr_blocks.0": "0.0.0.0/0",
                            "ingress.2541437006.from_port": "22",
                            "ingress.2541437006.ipv6_cidr_blocks.#": "0",
                            "ingress.2541437006.protocol": "tcp",
                            "ingress.2541437006.security_groups.#": "0",
                            "ingress.2541437006.self": "false",
                            "ingress.2541437006.to_port": "22",
                            "ingress.2617001939.cidr_blocks.#": "1",
                            "ingress.2617001939.cidr_blocks.0": "0.0.0.0/0",
                            "ingress.2617001939.from_port": "443",
                            "ingress.2617001939.ipv6_cidr_blocks.#": "0",
                            "ingress.2617001939.protocol": "tcp",
                            "ingress.2617001939.security_groups.#": "0",
                            "ingress.2617001939.self": "false",
                            "ingress.2617001939.to_port": "443",
                            "name": "mesh-vpc-security-group",
                            "owner_id": "266182953919",
                            "tags.%": "0",
                            "vpc_id": "vpc-958c93ec"
                        },
                        "meta": {},
                        "tainted": false
                    },
                    "deposed": [],
                    "provider": ""
                },
                "aws_subnet.mesh-vpc-subnet1": {
                    "type": "aws_subnet",
                    "depends_on": [
                        "aws_vpc.mesh-vpc"
                    ],
                    "primary": {
                        "id": "subnet-6d09f926",
                        "attributes": {
                            "assign_ipv6_address_on_creation": "false",
                            "availability_zone": "us-east-1a",
                            "cidr_block": "10.0.0.0/24",
                            "id": "subnet-6d09f926",
                            "map_public_ip_on_launch": "false",
                            "tags.%": "1",
                            "tags.Name": "mesh-vpc-subnet",
                            "vpc_id": "vpc-958c93ec"
                        },
                        "meta": {
                            "schema_version": "1"
                        },
                        "tainted": false
                    },
                    "deposed": [],
                    "provider": ""
                },
                "aws_subnet.mesh-vpc-subnet2": {
                    "type": "aws_subnet",
                    "depends_on": [
                        "aws_vpc.mesh-vpc"
                    ],
                    "primary": {
                        "id": "subnet-a16e5afb",
                        "attributes": {
                            "assign_ipv6_address_on_creation": "false",
                            "availability_zone": "us-east-1b",
                            "cidr_block": "10.0.1.0/24",
                            "id": "subnet-a16e5afb",
                            "map_public_ip_on_launch": "false",
                            "tags.%": "1",
                            "tags.Name": "mesh-vpc-subnet",
                            "vpc_id": "vpc-958c93ec"
                        },
                        "meta": {
                            "schema_version": "1"
                        },
                        "tainted": false
                    },
                    "deposed": [],
                    "provider": ""
                },
                "aws_vpc.mesh-vpc": {
                    "type": "aws_vpc",
                    "depends_on": [],
                    "primary": {
                        "id": "vpc-958c93ec",
                        "attributes": {
                            "assign_generated_ipv6_cidr_block": "false",
                            "cidr_block": "10.0.0.0/16",
                            "default_network_acl_id": "acl-52cf5a2a",
                            "default_route_table_id": "rtb-c3d3f3b8",
                            "default_security_group_id": "sg-831596f0",
                            "dhcp_options_id": "dopt-4edd672b",
                            "enable_classiclink": "false",
                            "enable_classiclink_dns_support": "false",
                            "enable_dns_hostnames": "true",
                            "enable_dns_support": "true",
                            "id": "vpc-958c93ec",
                            "instance_tenancy": "default",
                            "main_route_table_id": "rtb-c3d3f3b8",
                            "tags.%": "1",
                            "tags.Name": "mesh-vpc"
                        },
                        "meta": {
                            "schema_version": "1"
                        },
                        "tainted": false
                    },
                    "deposed": [],
                    "provider": ""
                }
            },
            "depends_on": []
        }
    ]
}
